
Microsoft Visual Studio Solution File, Format Version 12.00
# Visual Studio Version 17
VisualStudioVersion = 17.9.34728.123
MinimumVisualStudioVersion = 10.0.40219.1
Project("{8BC9CEB8-8B4A-11D0-8D11-00A0C91BC942}") = "win32controls", "win32controls\win32controls.vcxproj", "{E5567255-1C6D-4C72-8E35-86E1E8260DDB}"
EndProject
Project("{8BC9CEB8-8B4A-11D0-8D11-00A0C91BC942}") = "win32Timer", "win32Timer\win32Timer.vcxproj", "{FC8A46E6-3495-4944-92E8-8D126B12CC50}"
EndProject
Project("{8BC9CEB8-8B4A-11D0-8D11-00A0C91BC942}") = "win32Bitmap", "win32Bitmap\win32Bitmap.vcxproj", "{E2E776BC-E6B2-4AAC-A111-2E148E24E8DB}"
EndProject
Project("{8BC9CEB8-8B4A-11D0-8D11-00A0C91BC942}") = "win32GDI_Pen_Brush", "win32GDI_Pen_Brush\win32GDI_Pen_Brush.vcxproj", "{1B157978-F4A9-40FA-AF8D-6786A9D36471}"
EndProject
Project("{8BC9CEB8-8B4A-11D0-8D11-00A0C91BC942}") = "win32HatchBrush", "win32HatchBrush\win32HatchBrush.vcxproj", "{B5136768-2064-454F-9AA9-BD3AC64E6636}"
EndProject
Project("{8BC9CEB8-8B4A-11D0-8D11-00A0C91BC942}") = "win32TextOut_Color", "win32TextOut_Color\win32TextOut_Color.vcxproj", "{6CB6122A-36C9-44B2-9500-6B535B19B7BD}"
EndProject
Project("{8BC9CEB8-8B4A-11D0-8D11-00A0C91BC942}") = "win32Mouse", "win32Mouse\win32Mouse.vcxproj", "{9054C3B1-E702-44D9-8ACB-CF0D6D07DFF8}"
EndProject
Project("{8BC9CEB8-8B4A-11D0-8D11-00A0C91BC942}") = "win32KeyBoard", "win32KeyBoard\win32KeyBoard.vcxproj", "{7859FCE3-2B91-470D-B149-E4076BDBFE47}"
EndProject
Project("{8BC9CEB8-8B4A-11D0-8D11-00A0C91BC942}") = "win32Dialog", "win32Dialog\win32Dialog.vcxproj", "{77541672-E182-4AB4-AD71-B8902F0A92A2}"
EndProject
Project("{8BC9CEB8-8B4A-11D0-8D11-00A0C91BC942}") = "Win32FormDialog", "Win32FormDialog\Win32FormDialog.vcxproj", "{30C52A60-397C-461A-BA0D-325890CC4758}"
EndProject
Project("{8BC9CEB8-8B4A-11D0-8D11-00A0C91BC942}") = "win32BitmapViewer", "win32BitmapViewer\win32BitmapViewer.vcxproj", "{AFB3BA9B-383E-4F62-B23F-B391DAC69835}"
EndProject
Project("{8BC9CEB8-8B4A-11D0-8D11-00A0C91BC942}") = "win32Buttons", "win32Buttons\win32Buttons.vcxproj", "{7EF229F6-A90D-45FF-B8DC-23AAC02EEA58}"
EndProject
Project("{8BC9CEB8-8B4A-11D0-8D11-00A0C91BC942}") = "win32editcontrolComboListBox", "win32editcontrolComboListBox\win32editcontrolComboListBox.vcxproj", "{D76CCF71-0C0E-4846-BE1F-E8EE56B21408}"
EndProject
Project("{8BC9CEB8-8B4A-11D0-8D11-00A0C91BC942}") = "win32ListBox", "win32ListBox\win32ListBox.vcxproj", "{625099A5-772E-4C7C-ABCE-02E6A6CA61EA}"
EndProject
Project("{8BC9CEB8-8B4A-11D0-8D11-00A0C91BC942}") = "win32ListControl", "win32ListControl\win32ListControl.vcxproj", "{DCFC40FD-F53A-4767-90D1-ADE12F9A6622}"
EndProject
Project("{8BC9CEB8-8B4A-11D0-8D11-00A0C91BC942}") = "win32UsefulFunctions1", "win32UsefulFunctions1\win32UsefulFunctions1.vcxproj", "{D7FE1A54-F065-4468-9DE4-9C35BE04C896}"
EndProject
Project("{8BC9CEB8-8B4A-11D0-8D11-00A0C91BC942}") = "win32UsefulFunctions2", "win32UsefulFunctions2\win32UsefulFunctions2.vcxproj", "{CEA27299-97A2-4CC3-8FB2-8960FB3626D7}"
EndProject
Project("{8BC9CEB8-8B4A-11D0-8D11-00A0C91BC942}") = "win32ScoreControl", "win32ScoreControl\win32ScoreControl.vcxproj", "{1D211CE2-CED8-4C0D-B4D8-BD52623EF233}"
EndProject
Global
	GlobalSection(SolutionConfigurationPlatforms) = preSolution
		Debug|x64 = Debug|x64
		Debug|x86 = Debug|x86
		Release|x64 = Release|x64
		Release|x86 = Release|x86
	EndGlobalSection
	GlobalSection(ProjectConfigurationPlatforms) = postSolution
		{E5567255-1C6D-4C72-8E35-86E1E8260DDB}.Debug|x64.ActiveCfg = Debug|x64
		{E5567255-1C6D-4C72-8E35-86E1E8260DDB}.Debug|x64.Build.0 = Debug|x64
		{E5567255-1C6D-4C72-8E35-86E1E8260DDB}.Debug|x86.ActiveCfg = Debug|Win32
		{E5567255-1C6D-4C72-8E35-86E1E8260DDB}.Debug|x86.Build.0 = Debug|Win32
		{E5567255-1C6D-4C72-8E35-86E1E8260DDB}.Release|x64.ActiveCfg = Release|x64
		{E5567255-1C6D-4C72-8E35-86E1E8260DDB}.Release|x64.Build.0 = Release|x64
		{E5567255-1C6D-4C72-8E35-86E1E8260DDB}.Release|x86.ActiveCfg = Release|Win32
		{E5567255-1C6D-4C72-8E35-86E1E8260DDB}.Release|x86.Build.0 = Release|Win32
		{FC8A46E6-3495-4944-92E8-8D126B12CC50}.Debug|x64.ActiveCfg = Debug|x64
		{FC8A46E6-3495-4944-92E8-8D126B12CC50}.Debug|x64.Build.0 = Debug|x64
		{FC8A46E6-3495-4944-92E8-8D126B12CC50}.Debug|x86.ActiveCfg = Debug|Win32
		{FC8A46E6-3495-4944-92E8-8D126B12CC50}.Debug|x86.Build.0 = Debug|Win32
		{FC8A46E6-3495-4944-92E8-8D126B12CC50}.Release|x64.ActiveCfg = Release|x64
		{FC8A46E6-3495-4944-92E8-8D126B12CC50}.Release|x64.Build.0 = Release|x64
		{FC8A46E6-3495-4944-92E8-8D126B12CC50}.Release|x86.ActiveCfg = Release|Win32
		{FC8A46E6-3495-4944-92E8-8D126B12CC50}.Release|x86.Build.0 = Release|Win32
		{E2E776BC-E6B2-4AAC-A111-2E148E24E8DB}.Debug|x64.ActiveCfg = Debug|x64
		{E2E776BC-E6B2-4AAC-A111-2E148E24E8DB}.Debug|x64.Build.0 = Debug|x64
		{E2E776BC-E6B2-4AAC-A111-2E148E24E8DB}.Debug|x86.ActiveCfg = Debug|Win32
		{E2E776BC-E6B2-4AAC-A111-2E148E24E8DB}.Debug|x86.Build.0 = Debug|Win32
		{E2E776BC-E6B2-4AAC-A111-2E148E24E8DB}.Release|x64.ActiveCfg = Release|x64
		{E2E776BC-E6B2-4AAC-A111-2E148E24E8DB}.Release|x64.Build.0 = Release|x64
		{E2E776BC-E6B2-4AAC-A111-2E148E24E8DB}.Release|x86.ActiveCfg = Release|Win32
		{E2E776BC-E6B2-4AAC-A111-2E148E24E8DB}.Release|x86.Build.0 = Release|Win32
		{1B157978-F4A9-40FA-AF8D-6786A9D36471}.Debug|x64.ActiveCfg = Debug|x64
		{1B157978-F4A9-40FA-AF8D-6786A9D36471}.Debug|x64.Build.0 = Debug|x64
		{1B157978-F4A9-40FA-AF8D-6786A9D36471}.Debug|x86.ActiveCfg = Debug|Win32
		{1B157978-F4A9-40FA-AF8D-6786A9D36471}.Debug|x86.Build.0 = Debug|Win32
		{1B157978-F4A9-40FA-AF8D-6786A9D36471}.Release|x64.ActiveCfg = Release|x64
		{1B157978-F4A9-40FA-AF8D-6786A9D36471}.Release|x64.Build.0 = Release|x64
		{1B157978-F4A9-40FA-AF8D-6786A9D36471}.Release|x86.ActiveCfg = Release|Win32
		{1B157978-F4A9-40FA-AF8D-6786A9D36471}.Release|x86.Build.0 = Release|Win32
		{B5136768-2064-454F-9AA9-BD3AC64E6636}.Debug|x64.ActiveCfg = Debug|x64
		{B5136768-2064-454F-9AA9-BD3AC64E6636}.Debug|x64.Build.0 = Debug|x64
		{B5136768-2064-454F-9AA9-BD3AC64E6636}.Debug|x86.ActiveCfg = Debug|Win32
		{B5136768-2064-454F-9AA9-BD3AC64E6636}.Debug|x86.Build.0 = Debug|Win32
		{B5136768-2064-454F-9AA9-BD3AC64E6636}.Release|x64.ActiveCfg = Release|x64
		{B5136768-2064-454F-9AA9-BD3AC64E6636}.Release|x64.Build.0 = Release|x64
		{B5136768-2064-454F-9AA9-BD3AC64E6636}.Release|x86.ActiveCfg = Release|Win32
		{B5136768-2064-454F-9AA9-BD3AC64E6636}.Release|x86.Build.0 = Release|Win32
		{6CB6122A-36C9-44B2-9500-6B535B19B7BD}.Debug|x64.ActiveCfg = Debug|x64
		{6CB6122A-36C9-44B2-9500-6B535B19B7BD}.Debug|x64.Build.0 = Debug|x64
		{6CB6122A-36C9-44B2-9500-6B535B19B7BD}.Debug|x86.ActiveCfg = Debug|Win32
		{6CB6122A-36C9-44B2-9500-6B535B19B7BD}.Debug|x86.Build.0 = Debug|Win32
		{6CB6122A-36C9-44B2-9500-6B535B19B7BD}.Release|x64.ActiveCfg = Release|x64
		{6CB6122A-36C9-44B2-9500-6B535B19B7BD}.Release|x64.Build.0 = Release|x64
		{6CB6122A-36C9-44B2-9500-6B535B19B7BD}.Release|x86.ActiveCfg = Release|Win32
		{6CB6122A-36C9-44B2-9500-6B535B19B7BD}.Release|x86.Build.0 = Release|Win32
		{9054C3B1-E702-44D9-8ACB-CF0D6D07DFF8}.Debug|x64.ActiveCfg = Debug|x64
		{9054C3B1-E702-44D9-8ACB-CF0D6D07DFF8}.Debug|x64.Build.0 = Debug|x64
		{9054C3B1-E702-44D9-8ACB-CF0D6D07DFF8}.Debug|x86.ActiveCfg = Debug|Win32
		{9054C3B1-E702-44D9-8ACB-CF0D6D07DFF8}.Debug|x86.Build.0 = Debug|Win32
		{9054C3B1-E702-44D9-8ACB-CF0D6D07DFF8}.Release|x64.ActiveCfg = Release|x64
		{9054C3B1-E702-44D9-8ACB-CF0D6D07DFF8}.Release|x64.Build.0 = Release|x64
		{9054C3B1-E702-44D9-8ACB-CF0D6D07DFF8}.Release|x86.ActiveCfg = Release|Win32
		{9054C3B1-E702-44D9-8ACB-CF0D6D07DFF8}.Release|x86.Build.0 = Release|Win32
		{7859FCE3-2B91-470D-B149-E4076BDBFE47}.Debug|x64.ActiveCfg = Debug|x64
		{7859FCE3-2B91-470D-B149-E4076BDBFE47}.Debug|x64.Build.0 = Debug|x64
		{7859FCE3-2B91-470D-B149-E4076BDBFE47}.Debug|x86.ActiveCfg = Debug|Win32
		{7859FCE3-2B91-470D-B149-E4076BDBFE47}.Debug|x86.Build.0 = Debug|Win32
		{7859FCE3-2B91-470D-B149-E4076BDBFE47}.Release|x64.ActiveCfg = Release|x64
		{7859FCE3-2B91-470D-B149-E4076BDBFE47}.Release|x64.Build.0 = Release|x64
		{7859FCE3-2B91-470D-B149-E4076BDBFE47}.Release|x86.ActiveCfg = Release|Win32
		{7859FCE3-2B91-470D-B149-E4076BDBFE47}.Release|x86.Build.0 = Release|Win32
		{77541672-E182-4AB4-AD71-B8902F0A92A2}.Debug|x64.ActiveCfg = Debug|x64
		{77541672-E182-4AB4-AD71-B8902F0A92A2}.Debug|x64.Build.0 = Debug|x64
		{77541672-E182-4AB4-AD71-B8902F0A92A2}.Debug|x86.ActiveCfg = Debug|Win32
		{77541672-E182-4AB4-AD71-B8902F0A92A2}.Debug|x86.Build.0 = Debug|Win32
		{77541672-E182-4AB4-AD71-B8902F0A92A2}.Release|x64.ActiveCfg = Release|x64
		{77541672-E182-4AB4-AD71-B8902F0A92A2}.Release|x64.Build.0 = Release|x64
		{77541672-E182-4AB4-AD71-B8902F0A92A2}.Release|x86.ActiveCfg = Release|Win32
		{77541672-E182-4AB4-AD71-B8902F0A92A2}.Release|x86.Build.0 = Release|Win32
		{30C52A60-397C-461A-BA0D-325890CC4758}.Debug|x64.ActiveCfg = Debug|x64
		{30C52A60-397C-461A-BA0D-325890CC4758}.Debug|x64.Build.0 = Debug|x64
		{30C52A60-397C-461A-BA0D-325890CC4758}.Debug|x86.ActiveCfg = Debug|Win32
		{30C52A60-397C-461A-BA0D-325890CC4758}.Debug|x86.Build.0 = Debug|Win32
		{30C52A60-397C-461A-BA0D-325890CC4758}.Release|x64.ActiveCfg = Release|x64
		{30C52A60-397C-461A-BA0D-325890CC4758}.Release|x64.Build.0 = Release|x64
		{30C52A60-397C-461A-BA0D-325890CC4758}.Release|x86.ActiveCfg = Release|Win32
		{30C52A60-397C-461A-BA0D-325890CC4758}.Release|x86.Build.0 = Release|Win32
		{AFB3BA9B-383E-4F62-B23F-B391DAC69835}.Debug|x64.ActiveCfg = Debug|x64
		{AFB3BA9B-383E-4F62-B23F-B391DAC69835}.Debug|x64.Build.0 = Debug|x64
		{AFB3BA9B-383E-4F62-B23F-B391DAC69835}.Debug|x86.ActiveCfg = Debug|Win32
		{AFB3BA9B-383E-4F62-B23F-B391DAC69835}.Debug|x86.Build.0 = Debug|Win32
		{AFB3BA9B-383E-4F62-B23F-B391DAC69835}.Release|x64.ActiveCfg = Release|x64
		{AFB3BA9B-383E-4F62-B23F-B391DAC69835}.Release|x64.Build.0 = Release|x64
		{AFB3BA9B-383E-4F62-B23F-B391DAC69835}.Release|x86.ActiveCfg = Release|Win32
		{AFB3BA9B-383E-4F62-B23F-B391DAC69835}.Release|x86.Build.0 = Release|Win32
		{7EF229F6-A90D-45FF-B8DC-23AAC02EEA58}.Debug|x64.ActiveCfg = Debug|x64
		{7EF229F6-A90D-45FF-B8DC-23AAC02EEA58}.Debug|x64.Build.0 = Debug|x64
		{7EF229F6-A90D-45FF-B8DC-23AAC02EEA58}.Debug|x86.ActiveCfg = Debug|Win32
		{7EF229F6-A90D-45FF-B8DC-23AAC02EEA58}.Debug|x86.Build.0 = Debug|Win32
		{7EF229F6-A90D-45FF-B8DC-23AAC02EEA58}.Release|x64.ActiveCfg = Release|x64
		{7EF229F6-A90D-45FF-B8DC-23AAC02EEA58}.Release|x64.Build.0 = Release|x64
		{7EF229F6-A90D-45FF-B8DC-23AAC02EEA58}.Release|x86.ActiveCfg = Release|Win32
		{7EF229F6-A90D-45FF-B8DC-23AAC02EEA58}.Release|x86.Build.0 = Release|Win32
		{D76CCF71-0C0E-4846-BE1F-E8EE56B21408}.Debug|x64.ActiveCfg = Debug|x64
		{D76CCF71-0C0E-4846-BE1F-E8EE56B21408}.Debug|x64.Build.0 = Debug|x64
		{D76CCF71-0C0E-4846-BE1F-E8EE56B21408}.Debug|x86.ActiveCfg = Debug|Win32
		{D76CCF71-0C0E-4846-BE1F-E8EE56B21408}.Debug|x86.Build.0 = Debug|Win32
		{D76CCF71-0C0E-4846-BE1F-E8EE56B21408}.Release|x64.ActiveCfg = Release|x64
		{D76CCF71-0C0E-4846-BE1F-E8EE56B21408}.Release|x64.Build.0 = Release|x64
		{D76CCF71-0C0E-4846-BE1F-E8EE56B21408}.Release|x86.ActiveCfg = Release|Win32
		{D76CCF71-0C0E-4846-BE1F-E8EE56B21408}.Release|x86.Build.0 = Release|Win32
		{625099A5-772E-4C7C-ABCE-02E6A6CA61EA}.Debug|x64.ActiveCfg = Debug|x64
		{625099A5-772E-4C7C-ABCE-02E6A6CA61EA}.Debug|x64.Build.0 = Debug|x64
		{625099A5-772E-4C7C-ABCE-02E6A6CA61EA}.Debug|x86.ActiveCfg = Debug|Win32
		{625099A5-772E-4C7C-ABCE-02E6A6CA61EA}.Debug|x86.Build.0 = Debug|Win32
		{625099A5-772E-4C7C-ABCE-02E6A6CA61EA}.Release|x64.ActiveCfg = Release|x64
		{625099A5-772E-4C7C-ABCE-02E6A6CA61EA}.Release|x64.Build.0 = Release|x64
		{625099A5-772E-4C7C-ABCE-02E6A6CA61EA}.Release|x86.ActiveCfg = Release|Win32
		{625099A5-772E-4C7C-ABCE-02E6A6CA61EA}.Release|x86.Build.0 = Release|Win32
		{DCFC40FD-F53A-4767-90D1-ADE12F9A6622}.Debug|x64.ActiveCfg = Debug|x64
		{DCFC40FD-F53A-4767-90D1-ADE12F9A6622}.Debug|x64.Build.0 = Debug|x64
		{DCFC40FD-F53A-4767-90D1-ADE12F9A6622}.Debug|x86.ActiveCfg = Debug|Win32
		{DCFC40FD-F53A-4767-90D1-ADE12F9A6622}.Debug|x86.Build.0 = Debug|Win32
		{DCFC40FD-F53A-4767-90D1-ADE12F9A6622}.Release|x64.ActiveCfg = Release|x64
		{DCFC40FD-F53A-4767-90D1-ADE12F9A6622}.Release|x64.Build.0 = Release|x64
		{DCFC40FD-F53A-4767-90D1-ADE12F9A6622}.Release|x86.ActiveCfg = Release|Win32
		{DCFC40FD-F53A-4767-90D1-ADE12F9A6622}.Release|x86.Build.0 = Release|Win32
		{D7FE1A54-F065-4468-9DE4-9C35BE04C896}.Debug|x64.ActiveCfg = Debug|x64
		{D7FE1A54-F065-4468-9DE4-9C35BE04C896}.Debug|x64.Build.0 = Debug|x64
		{D7FE1A54-F065-4468-9DE4-9C35BE04C896}.Debug|x86.ActiveCfg = Debug|Win32
		{D7FE1A54-F065-4468-9DE4-9C35BE04C896}.Debug|x86.Build.0 = Debug|Win32
		{D7FE1A54-F065-4468-9DE4-9C35BE04C896}.Release|x64.ActiveCfg = Release|x64
		{D7FE1A54-F065-4468-9DE4-9C35BE04C896}.Release|x64.Build.0 = Release|x64
		{D7FE1A54-F065-4468-9DE4-9C35BE04C896}.Release|x86.ActiveCfg = Release|Win32
		{D7FE1A54-F065-4468-9DE4-9C35BE04C896}.Release|x86.Build.0 = Release|Win32
		{CEA27299-97A2-4CC3-8FB2-8960FB3626D7}.Debug|x64.ActiveCfg = Debug|x64
		{CEA27299-97A2-4CC3-8FB2-8960FB3626D7}.Debug|x64.Build.0 = Debug|x64
		{CEA27299-97A2-4CC3-8FB2-8960FB3626D7}.Debug|x86.ActiveCfg = Debug|Win32
		{CEA27299-97A2-4CC3-8FB2-8960FB3626D7}.Debug|x86.Build.0 = Debug|Win32
		{CEA27299-97A2-4CC3-8FB2-8960FB3626D7}.Release|x64.ActiveCfg = Release|x64
		{CEA27299-97A2-4CC3-8FB2-8960FB3626D7}.Release|x64.Build.0 = Release|x64
		{CEA27299-97A2-4CC3-8FB2-8960FB3626D7}.Release|x86.ActiveCfg = Release|Win32
		{CEA27299-97A2-4CC3-8FB2-8960FB3626D7}.Release|x86.Build.0 = Release|Win32
		{1D211CE2-CED8-4C0D-B4D8-BD52623EF233}.Debug|x64.ActiveCfg = Debug|x64
		{1D211CE2-CED8-4C0D-B4D8-BD52623EF233}.Debug|x64.Build.0 = Debug|x64
		{1D211CE2-CED8-4C0D-B4D8-BD52623EF233}.Debug|x86.ActiveCfg = Debug|Win32
		{1D211CE2-CED8-4C0D-B4D8-BD52623EF233}.Debug|x86.Build.0 = Debug|Win32
		{1D211CE2-CED8-4C0D-B4D8-BD52623EF233}.Release|x64.ActiveCfg = Release|x64
		{1D211CE2-CED8-4C0D-B4D8-BD52623EF233}.Release|x64.Build.0 = Release|x64
		{1D211CE2-CED8-4C0D-B4D8-BD52623EF233}.Release|x86.ActiveCfg = Release|Win32
		{1D211CE2-CED8-4C0D-B4D8-BD52623EF233}.Release|x86.Build.0 = Release|Win32
	EndGlobalSection
	GlobalSection(SolutionProperties) = preSolution
		HideSolutionNode = FALSE
	EndGlobalSection
	GlobalSection(ExtensibilityGlobals) = postSolution
		SolutionGuid = {470E6FBF-7B3B-4AE6-85FE-E9C9A5289D38}
	EndGlobalSection
EndGlobal
