
Microsoft Visual Studio Solution File, Format Version 12.00
# Visual Studio Version 17
VisualStudioVersion = 17.9.34728.123
MinimumVisualStudioVersion = 10.0.40219.1
Project("{8BC9CEB8-8B4A-11D0-8D11-00A0C91BC942}") = "win32", "win32\win32.vcxproj", "{7275A72F-CE2F-49CA-A879-31962DAC218E}"
EndProject
Project("{8BC9CEB8-8B4A-11D0-8D11-00A0C91BC942}") = "win32controls", "win32controls\win32controls.vcxproj", "{E5567255-1C6D-4C72-8E35-86E1E8260DDB}"
EndProject
Project("{8BC9CEB8-8B4A-11D0-8D11-00A0C91BC942}") = "win32Timer", "win32Timer\win32Timer.vcxproj", "{FC8A46E6-3495-4944-92E8-8D126B12CC50}"
EndProject
Project("{8BC9CEB8-8B4A-11D0-8D11-00A0C91BC942}") = "win32Bitmap", "win32Bitmap\win32Bitmap.vcxproj", "{E2E776BC-E6B2-4AAC-A111-2E148E24E8DB}"
EndProject
Project("{8BC9CEB8-8B4A-11D0-8D11-00A0C91BC942}") = "win32GDI_Pen_Brush", "win32GDI_Pen_Brush\win32GDI_Pen_Brush.vcxproj", "{1B157978-F4A9-40FA-AF8D-6786A9D36471}"
EndProject
Project("{8BC9CEB8-8B4A-11D0-8D11-00A0C91BC942}") = "win32HatchBrush", "win32HatchBrush\win32HatchBrush.vcxproj", "{B5136768-2064-454F-9AA9-BD3AC64E6636}"
EndProject
Project("{8BC9CEB8-8B4A-11D0-8D11-00A0C91BC942}") = "win32TextOut_Color", "win32TextOut_Color\win32TextOut_Color.vcxproj", "{6CB6122A-36C9-44B2-9500-6B535B19B7BD}"
EndProject
Global
	GlobalSection(SolutionConfigurationPlatforms) = preSolution
		Debug|x64 = Debug|x64
		Debug|x86 = Debug|x86
		Release|x64 = Release|x64
		Release|x86 = Release|x86
	EndGlobalSection
	GlobalSection(ProjectConfigurationPlatforms) = postSolution
		{7275A72F-CE2F-49CA-A879-31962DAC218E}.Debug|x64.ActiveCfg = Debug|x64
		{7275A72F-CE2F-49CA-A879-31962DAC218E}.Debug|x64.Build.0 = Debug|x64
		{7275A72F-CE2F-49CA-A879-31962DAC218E}.Debug|x86.ActiveCfg = Debug|Win32
		{7275A72F-CE2F-49CA-A879-31962DAC218E}.Debug|x86.Build.0 = Debug|Win32
		{7275A72F-CE2F-49CA-A879-31962DAC218E}.Release|x64.ActiveCfg = Release|x64
		{7275A72F-CE2F-49CA-A879-31962DAC218E}.Release|x64.Build.0 = Release|x64
		{7275A72F-CE2F-49CA-A879-31962DAC218E}.Release|x86.ActiveCfg = Release|Win32
		{7275A72F-CE2F-49CA-A879-31962DAC218E}.Release|x86.Build.0 = Release|Win32
		{E5567255-1C6D-4C72-8E35-86E1E8260DDB}.Debug|x64.ActiveCfg = Debug|x64
		{E5567255-1C6D-4C72-8E35-86E1E8260DDB}.Debug|x64.Build.0 = Debug|x64
		{E5567255-1C6D-4C72-8E35-86E1E8260DDB}.Debug|x86.ActiveCfg = Debug|Win32
		{E5567255-1C6D-4C72-8E35-86E1E8260DDB}.Debug|x86.Build.0 = Debug|Win32
		{E5567255-1C6D-4C72-8E35-86E1E8260DDB}.Release|x64.ActiveCfg = Release|x64
		{E5567255-1C6D-4C72-8E35-86E1E8260DDB}.Release|x64.Build.0 = Release|x64
		{E5567255-1C6D-4C72-8E35-86E1E8260DDB}.Release|x86.ActiveCfg = Release|Win32
		{E5567255-1C6D-4C72-8E35-86E1E8260DDB}.Release|x86.Build.0 = Release|Win32
		{FC8A46E6-3495-4944-92E8-8D126B12CC50}.Debug|x64.ActiveCfg = Debug|x64
		{FC8A46E6-3495-4944-92E8-8D126B12CC50}.Debug|x64.Build.0 = Debug|x64
		{FC8A46E6-3495-4944-92E8-8D126B12CC50}.Debug|x86.ActiveCfg = Debug|Win32
		{FC8A46E6-3495-4944-92E8-8D126B12CC50}.Debug|x86.Build.0 = Debug|Win32
		{FC8A46E6-3495-4944-92E8-8D126B12CC50}.Release|x64.ActiveCfg = Release|x64
		{FC8A46E6-3495-4944-92E8-8D126B12CC50}.Release|x64.Build.0 = Release|x64
		{FC8A46E6-3495-4944-92E8-8D126B12CC50}.Release|x86.ActiveCfg = Release|Win32
		{FC8A46E6-3495-4944-92E8-8D126B12CC50}.Release|x86.Build.0 = Release|Win32
		{E2E776BC-E6B2-4AAC-A111-2E148E24E8DB}.Debug|x64.ActiveCfg = Debug|x64
		{E2E776BC-E6B2-4AAC-A111-2E148E24E8DB}.Debug|x64.Build.0 = Debug|x64
		{E2E776BC-E6B2-4AAC-A111-2E148E24E8DB}.Debug|x86.ActiveCfg = Debug|Win32
		{E2E776BC-E6B2-4AAC-A111-2E148E24E8DB}.Debug|x86.Build.0 = Debug|Win32
		{E2E776BC-E6B2-4AAC-A111-2E148E24E8DB}.Release|x64.ActiveCfg = Release|x64
		{E2E776BC-E6B2-4AAC-A111-2E148E24E8DB}.Release|x64.Build.0 = Release|x64
		{E2E776BC-E6B2-4AAC-A111-2E148E24E8DB}.Release|x86.ActiveCfg = Release|Win32
		{E2E776BC-E6B2-4AAC-A111-2E148E24E8DB}.Release|x86.Build.0 = Release|Win32
		{1B157978-F4A9-40FA-AF8D-6786A9D36471}.Debug|x64.ActiveCfg = Debug|x64
		{1B157978-F4A9-40FA-AF8D-6786A9D36471}.Debug|x64.Build.0 = Debug|x64
		{1B157978-F4A9-40FA-AF8D-6786A9D36471}.Debug|x86.ActiveCfg = Debug|Win32
		{1B157978-F4A9-40FA-AF8D-6786A9D36471}.Debug|x86.Build.0 = Debug|Win32
		{1B157978-F4A9-40FA-AF8D-6786A9D36471}.Release|x64.ActiveCfg = Release|x64
		{1B157978-F4A9-40FA-AF8D-6786A9D36471}.Release|x64.Build.0 = Release|x64
		{1B157978-F4A9-40FA-AF8D-6786A9D36471}.Release|x86.ActiveCfg = Release|Win32
		{1B157978-F4A9-40FA-AF8D-6786A9D36471}.Release|x86.Build.0 = Release|Win32
		{B5136768-2064-454F-9AA9-BD3AC64E6636}.Debug|x64.ActiveCfg = Debug|x64
		{B5136768-2064-454F-9AA9-BD3AC64E6636}.Debug|x64.Build.0 = Debug|x64
		{B5136768-2064-454F-9AA9-BD3AC64E6636}.Debug|x86.ActiveCfg = Debug|Win32
		{B5136768-2064-454F-9AA9-BD3AC64E6636}.Debug|x86.Build.0 = Debug|Win32
		{B5136768-2064-454F-9AA9-BD3AC64E6636}.Release|x64.ActiveCfg = Release|x64
		{B5136768-2064-454F-9AA9-BD3AC64E6636}.Release|x64.Build.0 = Release|x64
		{B5136768-2064-454F-9AA9-BD3AC64E6636}.Release|x86.ActiveCfg = Release|Win32
		{B5136768-2064-454F-9AA9-BD3AC64E6636}.Release|x86.Build.0 = Release|Win32
		{6CB6122A-36C9-44B2-9500-6B535B19B7BD}.Debug|x64.ActiveCfg = Debug|x64
		{6CB6122A-36C9-44B2-9500-6B535B19B7BD}.Debug|x64.Build.0 = Debug|x64
		{6CB6122A-36C9-44B2-9500-6B535B19B7BD}.Debug|x86.ActiveCfg = Debug|Win32
		{6CB6122A-36C9-44B2-9500-6B535B19B7BD}.Debug|x86.Build.0 = Debug|Win32
		{6CB6122A-36C9-44B2-9500-6B535B19B7BD}.Release|x64.ActiveCfg = Release|x64
		{6CB6122A-36C9-44B2-9500-6B535B19B7BD}.Release|x64.Build.0 = Release|x64
		{6CB6122A-36C9-44B2-9500-6B535B19B7BD}.Release|x86.ActiveCfg = Release|Win32
		{6CB6122A-36C9-44B2-9500-6B535B19B7BD}.Release|x86.Build.0 = Release|Win32
	EndGlobalSection
	GlobalSection(SolutionProperties) = preSolution
		HideSolutionNode = FALSE
	EndGlobalSection
	GlobalSection(ExtensibilityGlobals) = postSolution
		SolutionGuid = {470E6FBF-7B3B-4AE6-85FE-E9C9A5289D38}
	EndGlobalSection
EndGlobal
